
Microsoft Visual Studio Solution File, Format Version 12.00
# Visual Studio Version 17
VisualStudioVersion = 17.13.35919.96 d17.13
MinimumVisualStudioVersion = 10.0.40219.1
Project("{FAE04EC0-301F-11D3-BF4B-00C04F79EFBC}") = "PlatformsService", "PlatformsService\PlatformsService.csproj", "{D1B8BE09-4939-4104-A941-8A98280C7CFF}"
EndProject
Global
	GlobalSection(SolutionConfigurationPlatforms) = preSolution
		Debug|Any CPU = Debug|Any CPU
		Release|Any CPU = Release|Any CPU
	EndGlobalSection
	GlobalSection(ProjectConfigurationPlatforms) = postSolution
		{D1B8BE09-4939-4104-A941-8A98280C7CFF}.Debug|Any CPU.ActiveCfg = Debug|Any CPU
		{D1B8BE09-4939-4104-A941-8A98280C7CFF}.Debug|Any CPU.Build.0 = Debug|Any CPU
		{D1B8BE09-4939-4104-A941-8A98280C7CFF}.Release|Any CPU.ActiveCfg = Release|Any CPU
		{D1B8BE09-4939-4104-A941-8A98280C7CFF}.Release|Any CPU.Build.0 = Release|Any CPU
	EndGlobalSection
	GlobalSection(SolutionProperties) = preSolution
		HideSolutionNode = FALSE
	EndGlobalSection
	GlobalSection(ExtensibilityGlobals) = postSolution
		SolutionGuid = {D916B507-C265-4FEE-AB9E-8CA41A27273D}
	EndGlobalSection
EndGlobal
